// !$*UTF8*$!
{
	archiveVersion = 1;
	classes = {
	};
	objectVersion = 46;
	objects = {

/* Begin PBXBuildFile section */
		DE09AA921F552DEB003CC554 /* AppDelegate.swift in Sources */ = {isa = PBXBuildFile; fileRef = DE09AA911F552DEB003CC554 /* AppDelegate.swift */; };
		DE09AA941F552DEB003CC554 /* MainViewController.swift in Sources */ = {isa = PBXBuildFile; fileRef = DE09AA931F552DEB003CC554 /* MainViewController.swift */; };
		DE09AA971F552DEB003CC554 /* Main.storyboard in Resources */ = {isa = PBXBuildFile; fileRef = DE09AA951F552DEB003CC554 /* Main.storyboard */; };
		DE09AA991F552DEB003CC554 /* Assets.xcassets in Resources */ = {isa = PBXBuildFile; fileRef = DE09AA981F552DEB003CC554 /* Assets.xcassets */; };
		DE09AA9C1F552DEB003CC554 /* LaunchScreen.storyboard in Resources */ = {isa = PBXBuildFile; fileRef = DE09AA9A1F552DEB003CC554 /* LaunchScreen.storyboard */; };
		DE09AAA41F5530F6003CC554 /* NewNoteViewController.swift in Sources */ = {isa = PBXBuildFile; fileRef = DE09AAA31F5530F6003CC554 /* NewNoteViewController.swift */; };
		DE09AAA61F5530FF003CC554 /* EditNoteViewController.swift in Sources */ = {isa = PBXBuildFile; fileRef = DE09AAA51F5530FF003CC554 /* EditNoteViewController.swift */; };
		DE09AAA91F554A84003CC554 /* DataModel.xcdatamodeld in Sources */ = {isa = PBXBuildFile; fileRef = DE09AAA71F554A84003CC554 /* DataModel.xcdatamodeld */; };
		DE09AAAB1F554AEF003CC554 /* DataController.swift in Sources */ = {isa = PBXBuildFile; fileRef = DE09AAAA1F554AEF003CC554 /* DataController.swift */; };
		DE09AAAD1F554D10003CC554 /* NSFetchedResultsController+Extension.swift in Sources */ = {isa = PBXBuildFile; fileRef = DE09AAAC1F554D10003CC554 /* NSFetchedResultsController+Extension.swift */; };
		DE09AAB21F555111003CC554 /* NSManagedObjectContext+Extension.swift in Sources */ = {isa = PBXBuildFile; fileRef = DE09AAB11F555111003CC554 /* NSManagedObjectContext+Extension.swift */; };
/* End PBXBuildFile section */

/* Begin PBXFileReference section */
		DE09AA8E1F552DEB003CC554 /* CocoaHeadsNo31CoreData.app */ = {isa = PBXFileReference; explicitFileType = wrapper.application; includeInIndex = 0; path = CocoaHeadsNo31CoreData.app; sourceTree = BUILT_PRODUCTS_DIR; };
		DE09AA911F552DEB003CC554 /* AppDelegate.swift */ = {isa = PBXFileReference; lastKnownFileType = sourcecode.swift; path = AppDelegate.swift; sourceTree = "<group>"; };
		DE09AA931F552DEB003CC554 /* MainViewController.swift */ = {isa = PBXFileReference; lastKnownFileType = sourcecode.swift; path = MainViewController.swift; sourceTree = "<group>"; };
		DE09AA961F552DEB003CC554 /* Base */ = {isa = PBXFileReference; lastKnownFileType = file.storyboard; name = Base; path = Base.lproj/Main.storyboard; sourceTree = "<group>"; };
		DE09AA981F552DEB003CC554 /* Assets.xcassets */ = {isa = PBXFileReference; lastKnownFileType = folder.assetcatalog; path = Assets.xcassets; sourceTree = "<group>"; };
		DE09AA9B1F552DEB003CC554 /* Base */ = {isa = PBXFileReference; lastKnownFileType = file.storyboard; name = Base; path = Base.lproj/LaunchScreen.storyboard; sourceTree = "<group>"; };
		DE09AA9D1F552DEB003CC554 /* Info.plist */ = {isa = PBXFileReference; lastKnownFileType = text.plist.xml; path = Info.plist; sourceTree = "<group>"; };
		DE09AAA31F5530F6003CC554 /* NewNoteViewController.swift */ = {isa = PBXFileReference; fileEncoding = 4; lastKnownFileType = sourcecode.swift; path = NewNoteViewController.swift; sourceTree = "<group>"; };
		DE09AAA51F5530FF003CC554 /* EditNoteViewController.swift */ = {isa = PBXFileReference; fileEncoding = 4; lastKnownFileType = sourcecode.swift; path = EditNoteViewController.swift; sourceTree = "<group>"; };
		DE09AAA81F554A84003CC554 /* DataModel.xcdatamodel */ = {isa = PBXFileReference; lastKnownFileType = wrapper.xcdatamodel; path = DataModel.xcdatamodel; sourceTree = "<group>"; };
		DE09AAAA1F554AEF003CC554 /* DataController.swift */ = {isa = PBXFileReference; fileEncoding = 4; lastKnownFileType = sourcecode.swift; path = DataController.swift; sourceTree = "<group>"; };
		DE09AAAC1F554D10003CC554 /* NSFetchedResultsController+Extension.swift */ = {isa = PBXFileReference; fileEncoding = 4; lastKnownFileType = sourcecode.swift; path = "NSFetchedResultsController+Extension.swift"; sourceTree = "<group>"; };
		DE09AAB11F555111003CC554 /* NSManagedObjectContext+Extension.swift */ = {isa = PBXFileReference; fileEncoding = 4; lastKnownFileType = sourcecode.swift; path = "NSManagedObjectContext+Extension.swift"; sourceTree = "<group>"; };
/* End PBXFileReference section */

/* Begin PBXFrameworksBuildPhase section */
		DE09AA8B1F552DEB003CC554 /* Frameworks */ = {
			isa = PBXFrameworksBuildPhase;
			buildActionMask = 2147483647;
			files = (
			);
			runOnlyForDeploymentPostprocessing = 0;
		};
/* End PBXFrameworksBuildPhase section */

/* Begin PBXGroup section */
		DE09AA851F552DEB003CC554 = {
			isa = PBXGroup;
			children = (
				DE09AA901F552DEB003CC554 /* CocoaHeadsNo31CoreData */,
				DE09AA8F1F552DEB003CC554 /* Products */,
			);
			sourceTree = "<group>";
		};
		DE09AA8F1F552DEB003CC554 /* Products */ = {
			isa = PBXGroup;
			children = (
				DE09AA8E1F552DEB003CC554 /* CocoaHeadsNo31CoreData.app */,
			);
			name = Products;
			sourceTree = "<group>";
		};
		DE09AA901F552DEB003CC554 /* CocoaHeadsNo31CoreData */ = {
			isa = PBXGroup;
			children = (
				DE09AA911F552DEB003CC554 /* AppDelegate.swift */,
				DE09AAAE1F554D15003CC554 /* viewController */,
				DE09AAB01F554D2B003CC554 /* extension */,
				DE09AAAF1F554D24003CC554 /* model */,
				DE09AA951F552DEB003CC554 /* Main.storyboard */,
				DE09AA981F552DEB003CC554 /* Assets.xcassets */,
				DE09AA9A1F552DEB003CC554 /* LaunchScreen.storyboard */,
				DE09AA9D1F552DEB003CC554 /* Info.plist */,
			);
			path = CocoaHeadsNo31CoreData;
			sourceTree = "<group>";
		};
		DE09AAAE1F554D15003CC554 /* viewController */ = {
			isa = PBXGroup;
			children = (
				DE09AA931F552DEB003CC554 /* MainViewController.swift */,
				DE09AAA31F5530F6003CC554 /* NewNoteViewController.swift */,
				DE09AAA51F5530FF003CC554 /* EditNoteViewController.swift */,
			);
			name = viewController;
			sourceTree = "<group>";
		};
		DE09AAAF1F554D24003CC554 /* model */ = {
			isa = PBXGroup;
			children = (
				DE09AAA71F554A84003CC554 /* DataModel.xcdatamodeld */,
				DE09AAAA1F554AEF003CC554 /* DataController.swift */,
			);
			name = model;
			sourceTree = "<group>";
		};
		DE09AAB01F554D2B003CC554 /* extension */ = {
			isa = PBXGroup;
			children = (
				DE09AAAC1F554D10003CC554 /* NSFetchedResultsController+Extension.swift */,
				DE09AAB11F555111003CC554 /* NSManagedObjectContext+Extension.swift */,
			);
			name = extension;
			sourceTree = "<group>";
		};
/* End PBXGroup section */

/* Begin PBXNativeTarget section */
		DE09AA8D1F552DEB003CC554 /* CocoaHeadsNo31CoreData */ = {
			isa = PBXNativeTarget;
			buildConfigurationList = DE09AAA01F552DEB003CC554 /* Build configuration list for PBXNativeTarget "CocoaHeadsNo31CoreData" */;
			buildPhases = (
				DE09AA8A1F552DEB003CC554 /* Sources */,
				DE09AA8B1F552DEB003CC554 /* Frameworks */,
				DE09AA8C1F552DEB003CC554 /* Resources */,
			);
			buildRules = (
			);
			dependencies = (
			);
			name = CocoaHeadsNo31CoreData;
			productName = CocoaHeadsNo31CoreData;
			productReference = DE09AA8E1F552DEB003CC554 /* CocoaHeadsNo31CoreData.app */;
			productType = "com.apple.product-type.application";
		};
/* End PBXNativeTarget section */

/* Begin PBXProject section */
		DE09AA861F552DEB003CC554 /* Project object */ = {
			isa = PBXProject;
			attributes = {
				LastSwiftUpdateCheck = 0830;
				LastUpgradeCheck = 0830;
				ORGANIZATIONNAME = Knight;
				TargetAttributes = {
					DE09AA8D1F552DEB003CC554 = {
						CreatedOnToolsVersion = 8.3.3;
						ProvisioningStyle = Automatic;
					};
				};
			};
			buildConfigurationList = DE09AA891F552DEB003CC554 /* Build configuration list for PBXProject "CocoaHeadsNo31CoreData" */;
			compatibilityVersion = "Xcode 3.2";
			developmentRegion = English;
			hasScannedForEncodings = 0;
			knownRegions = (
				en,
				Base,
			);
			mainGroup = DE09AA851F552DEB003CC554;
			productRefGroup = DE09AA8F1F552DEB003CC554 /* Products */;
			projectDirPath = "";
			projectRoot = "";
			targets = (
				DE09AA8D1F552DEB003CC554 /* CocoaHeadsNo31CoreData */,
			);
		};
/* End PBXProject section */

/* Begin PBXResourcesBuildPhase section */
		DE09AA8C1F552DEB003CC554 /* Resources */ = {
			isa = PBXResourcesBuildPhase;
			buildActionMask = 2147483647;
			files = (
				DE09AA9C1F552DEB003CC554 /* LaunchScreen.storyboard in Resources */,
				DE09AA991F552DEB003CC554 /* Assets.xcassets in Resources */,
				DE09AA971F552DEB003CC554 /* Main.storyboard in Resources */,
			);
			runOnlyForDeploymentPostprocessing = 0;
		};
/* End PBXResourcesBuildPhase section */

/* Begin PBXSourcesBuildPhase section */
		DE09AA8A1F552DEB003CC554 /* Sources */ = {
			isa = PBXSourcesBuildPhase;
			buildActionMask = 2147483647;
			files = (
				DE09AA941F552DEB003CC554 /* MainViewController.swift in Sources */,
				DE09AAAB1F554AEF003CC554 /* DataController.swift in Sources */,
				DE09AAA91F554A84003CC554 /* DataModel.xcdatamodeld in Sources */,
				DE09AAB21F555111003CC554 /* NSManagedObjectContext+Extension.swift in Sources */,
				DE09AA921F552DEB003CC554 /* AppDelegate.swift in Sources */,
				DE09AAAD1F554D10003CC554 /* NSFetchedResultsController+Extension.swift in Sources */,
				DE09AAA61F5530FF003CC554 /* EditNoteViewController.swift in Sources */,
				DE09AAA41F5530F6003CC554 /* NewNoteViewController.swift in Sources */,
			);
			runOnlyForDeploymentPostprocessing = 0;
		};
/* End PBXSourcesBuildPhase section */

/* Begin PBXVariantGroup section */
		DE09AA951F552DEB003CC554 /* Main.storyboard */ = {
			isa = PBXVariantGroup;
			children = (
				DE09AA961F552DEB003CC554 /* Base */,
			);
			name = Main.storyboard;
			sourceTree = "<group>";
		};
		DE09AA9A1F552DEB003CC554 /* LaunchScreen.storyboard */ = {
			isa = PBXVariantGroup;
			children = (
				DE09AA9B1F552DEB003CC554 /* Base */,
			);
			name = LaunchScreen.storyboard;
			sourceTree = "<group>";
		};
/* End PBXVariantGroup section */

/* Begin XCBuildConfiguration section */
		DE09AA9E1F552DEB003CC554 /* Debug */ = {
			isa = XCBuildConfiguration;
			buildSettings = {
				ALWAYS_SEARCH_USER_PATHS = NO;
				CLANG_ANALYZER_NONNULL = YES;
				CLANG_ANALYZER_NUMBER_OBJECT_CONVERSION = YES_AGGRESSIVE;
				CLANG_CXX_LANGUAGE_STANDARD = "gnu++0x";
				CLANG_CXX_LIBRARY = "libc++";
				CLANG_ENABLE_MODULES = YES;
				CLANG_ENABLE_OBJC_ARC = YES;
				CLANG_WARN_BOOL_CONVERSION = YES;
				CLANG_WARN_CONSTANT_CONVERSION = YES;
				CLANG_WARN_DIRECT_OBJC_ISA_USAGE = YES_ERROR;
				CLANG_WARN_DOCUMENTATION_COMMENTS = YES;
				CLANG_WARN_EMPTY_BODY = YES;
				CLANG_WARN_ENUM_CONVERSION = YES;
				CLANG_WARN_INFINITE_RECURSION = YES;
				CLANG_WARN_INT_CONVERSION = YES;
				CLANG_WARN_OBJC_ROOT_CLASS = YES_ERROR;
				CLANG_WARN_SUSPICIOUS_MOVE = YES;
				CLANG_WARN_UNREACHABLE_CODE = YES;
				CLANG_WARN__DUPLICATE_METHOD_MATCH = YES;
				"CODE_SIGN_IDENTITY[sdk=iphoneos*]" = "iPhone Developer";
				COPY_PHASE_STRIP = NO;
				DEBUG_INFORMATION_FORMAT = dwarf;
				ENABLE_STRICT_OBJC_MSGSEND = YES;
				ENABLE_TESTABILITY = YES;
				GCC_C_LANGUAGE_STANDARD = gnu99;
				GCC_DYNAMIC_NO_PIC = NO;
				GCC_NO_COMMON_BLOCKS = YES;
				GCC_OPTIMIZATION_LEVEL = 0;
				GCC_PREPROCESSOR_DEFINITIONS = (
					"DEBUG=1",
					"$(inherited)",
				);
				GCC_WARN_64_TO_32_BIT_CONVERSION = YES;
				GCC_WARN_ABOUT_RETURN_TYPE = YES_ERROR;
				GCC_WARN_UNDECLARED_SELECTOR = YES;
				GCC_WARN_UNINITIALIZED_AUTOS = YES_AGGRESSIVE;
				GCC_WARN_UNUSED_FUNCTION = YES;
				GCC_WARN_UNUSED_VARIABLE = YES;
				IPHONEOS_DEPLOYMENT_TARGET = 10.3;
				MTL_ENABLE_DEBUG_INFO = YES;
				ONLY_ACTIVE_ARCH = YES;
				SDKROOT = iphoneos;
				SWIFT_ACTIVE_COMPILATION_CONDITIONS = DEBUG;
				SWIFT_OPTIMIZATION_LEVEL = "-Onone";
			};
			name = Debug;
		};
		DE09AA9F1F552DEB003CC554 /* Release */ = {
			isa = XCBuildConfiguration;
			buildSettings = {
				ALWAYS_SEARCH_USER_PATHS = NO;
				CLANG_ANALYZER_NONNULL = YES;
				CLANG_ANALYZER_NUMBER_OBJECT_CONVERSION = YES_AGGRESSIVE;
				CLANG_CXX_LANGUAGE_STANDARD = "gnu++0x";
				CLANG_CXX_LIBRARY = "libc++";
				CLANG_ENABLE_MODULES = YES;
				CLANG_ENABLE_OBJC_ARC = YES;
				CLANG_WARN_BOOL_CONVERSION = YES;
				CLANG_WARN_CONSTANT_CONVERSION = YES;
				CLANG_WARN_DIRECT_OBJC_ISA_USAGE = YES_ERROR;
				CLANG_WARN_DOCUMENTATION_COMMENTS = YES;
				CLANG_WARN_EMPTY_BODY = YES;
				CLANG_WARN_ENUM_CONVERSION = YES;
				CLANG_WARN_INFINITE_RECURSION = YES;
				CLANG_WARN_INT_CONVERSION = YES;
				CLANG_WARN_OBJC_ROOT_CLASS = YES_ERROR;
				CLANG_WARN_SUSPICIOUS_MOVE = YES;
				CLANG_WARN_UNREACHABLE_CODE = YES;
				CLANG_WARN__DUPLICATE_METHOD_MATCH = YES;
				"CODE_SIGN_IDENTITY[sdk=iphoneos*]" = "iPhone Developer";
				COPY_PHASE_STRIP = NO;
				DEBUG_INFORMATION_FORMAT = "dwarf-with-dsym";
				ENABLE_NS_ASSERTIONS = NO;
				ENABLE_STRICT_OBJC_MSGSEND = YES;
				GCC_C_LANGUAGE_STANDARD = gnu99;
				GCC_NO_COMMON_BLOCKS = YES;
				GCC_WARN_64_TO_32_BIT_CONVERSION = YES;
				GCC_WARN_ABOUT_RETURN_TYPE = YES_ERROR;
				GCC_WARN_UNDECLARED_SELECTOR = YES;
				GCC_WARN_UNINITIALIZED_AUTOS = YES_AGGRESSIVE;
				GCC_WARN_UNUSED_FUNCTION = YES;
				GCC_WARN_UNUSED_VARIABLE = YES;
				IPHONEOS_DEPLOYMENT_TARGET = 10.3;
				MTL_ENABLE_DEBUG_INFO = NO;
				SDKROOT = iphoneos;
				SWIFT_OPTIMIZATION_LEVEL = "-Owholemodule";
				VALIDATE_PRODUCT = YES;
			};
			name = Release;
		};
		DE09AAA11F552DEB003CC554 /* Debug */ = {
			isa = XCBuildConfiguration;
			buildSettings = {
				ASSETCATALOG_COMPILER_APPICON_NAME = AppIcon;
				DEVELOPMENT_TEAM = "";
				INFOPLIST_FILE = CocoaHeadsNo31CoreData/Info.plist;
				LD_RUNPATH_SEARCH_PATHS = "$(inherited) @executable_path/Frameworks";
				PRODUCT_BUNDLE_IDENTIFIER = com.knightzhang.CocoaHeadsNo31CoreData;
				PRODUCT_NAME = "$(TARGET_NAME)";
				SWIFT_VERSION = 3.0;
			};
			name = Debug;
		};
		DE09AAA21F552DEB003CC554 /* Release */ = {
			isa = XCBuildConfiguration;
			buildSettings = {
				ASSETCATALOG_COMPILER_APPICON_NAME = AppIcon;
				DEVELOPMENT_TEAM = "";
				INFOPLIST_FILE = CocoaHeadsNo31CoreData/Info.plist;
				LD_RUNPATH_SEARCH_PATHS = "$(inherited) @executable_path/Frameworks";
				PRODUCT_BUNDLE_IDENTIFIER = com.knightzhang.CocoaHeadsNo31CoreData;
				PRODUCT_NAME = "$(TARGET_NAME)";
				SWIFT_VERSION = 3.0;
			};
			name = Release;
		};
/* End XCBuildConfiguration section */

/* Begin XCConfigurationList section */
		DE09AA891F552DEB003CC554 /* Build configuration list for PBXProject "CocoaHeadsNo31CoreData" */ = {
			isa = XCConfigurationList;
			buildConfigurations = (
				DE09AA9E1F552DEB003CC554 /* Debug */,
				DE09AA9F1F552DEB003CC554 /* Release */,
			);
			defaultConfigurationIsVisible = 0;
			defaultConfigurationName = Release;
		};
		DE09AAA01F552DEB003CC554 /* Build configuration list for PBXNativeTarget "CocoaHeadsNo31CoreData" */ = {
			isa = XCConfigurationList;
			buildConfigurations = (
				DE09AAA11F552DEB003CC554 /* Debug */,
				DE09AAA21F552DEB003CC554 /* Release */,
			);
			defaultConfigurationIsVisible = 0;
		};
/* End XCConfigurationList section */

/* Begin XCVersionGroup section */
		DE09AAA71F554A84003CC554 /* DataModel.xcdatamodeld */ = {
			isa = XCVersionGroup;
			children = (
				DE09AAA81F554A84003CC554 /* DataModel.xcdatamodel */,
			);
			currentVersion = DE09AAA81F554A84003CC554 /* DataModel.xcdatamodel */;
			path = DataModel.xcdatamodeld;
			sourceTree = "<group>";
			versionGroupType = wrapper.xcdatamodel;
		};
/* End XCVersionGroup section */
	};
	rootObject = DE09AA861F552DEB003CC554 /* Project object */;
}
